
Microsoft Visual Studio Solution File, Format Version 12.00
# Visual Studio Version 16
VisualStudioVersion = 16.0.30204.135
MinimumVisualStudioVersion = 10.0.40219.1
Project("{FAE04EC0-301F-11D3-BF4B-00C04F79EFBC}") = "AdminLTE.Web", "AdminLTE.Web\AdminLTE.Web.csproj", "{0391460B-DF1C-4BAC-8382-37CE90D6F7F5}"
EndProject
Global
	GlobalSection(SolutionConfigurationPlatforms) = preSolution
		Debug|Any CPU = Debug|Any CPU
		Release|Any CPU = Release|Any CPU
	EndGlobalSection
	GlobalSection(ProjectConfigurationPlatforms) = postSolution
		{0391460B-DF1C-4BAC-8382-37CE90D6F7F5}.Debug|Any CPU.ActiveCfg = Debug|Any CPU
		{0391460B-DF1C-4BAC-8382-37CE90D6F7F5}.Debug|Any CPU.Build.0 = Debug|Any CPU
		{0391460B-DF1C-4BAC-8382-37CE90D6F7F5}.Release|Any CPU.ActiveCfg = Release|Any CPU
		{0391460B-DF1C-4BAC-8382-37CE90D6F7F5}.Release|Any CPU.Build.0 = Release|Any CPU
	EndGlobalSection
	GlobalSection(SolutionProperties) = preSolution
		HideSolutionNode = FALSE
	EndGlobalSection
	GlobalSection(ExtensibilityGlobals) = postSolution
		SolutionGuid = {4521BFB9-B7CF-408C-A132-572E5258F162}
	EndGlobalSection
EndGlobal
